
Microsoft Visual Studio Solution File, Format Version 12.00
# Visual Studio Version 17
VisualStudioVersion = 17.6.33829.357
MinimumVisualStudioVersion = 10.0.40219.1
Project("{FAE04EC0-301F-11D3-BF4B-00C04F79EFBC}") = "CodeQuest.Presentation", "CodeQuest.Presentation\CodeQuest.Presentation.csproj", "{4BF10A83-02C8-4F1E-A286-6595F600C3A0}"
EndProject
Project("{FAE04EC0-301F-11D3-BF4B-00C04F79EFBC}") = "Codequest.Domain", "Codequest.Domain\Codequest.Domain.csproj", "{086A2BB8-83C4-4807-B43A-457EB32127E1}"
EndProject
Global
	GlobalSection(SolutionConfigurationPlatforms) = preSolution
		Debug|Any CPU = Debug|Any CPU
		Release|Any CPU = Release|Any CPU
	EndGlobalSection
	GlobalSection(ProjectConfigurationPlatforms) = postSolution
		{4BF10A83-02C8-4F1E-A286-6595F600C3A0}.Debug|Any CPU.ActiveCfg = Debug|Any CPU
		{4BF10A83-02C8-4F1E-A286-6595F600C3A0}.Debug|Any CPU.Build.0 = Debug|Any CPU
		{4BF10A83-02C8-4F1E-A286-6595F600C3A0}.Release|Any CPU.ActiveCfg = Release|Any CPU
		{4BF10A83-02C8-4F1E-A286-6595F600C3A0}.Release|Any CPU.Build.0 = Release|Any CPU
		{086A2BB8-83C4-4807-B43A-457EB32127E1}.Debug|Any CPU.ActiveCfg = Debug|Any CPU
		{086A2BB8-83C4-4807-B43A-457EB32127E1}.Debug|Any CPU.Build.0 = Debug|Any CPU
		{086A2BB8-83C4-4807-B43A-457EB32127E1}.Release|Any CPU.ActiveCfg = Release|Any CPU
		{086A2BB8-83C4-4807-B43A-457EB32127E1}.Release|Any CPU.Build.0 = Release|Any CPU
	EndGlobalSection
	GlobalSection(SolutionProperties) = preSolution
		HideSolutionNode = FALSE
	EndGlobalSection
	GlobalSection(ExtensibilityGlobals) = postSolution
		SolutionGuid = {0406AAFE-D231-4622-A043-5A04FDED8BF3}
	EndGlobalSection
EndGlobal
